{
  "name": "poe2-polish",
  "version": "1.0.0",
  "lockfileVersion": 3,
  "requires": true,
  "packages": {
    "": {
      "name": "poe2-polish",
      "version": "1.0.0",
      "license": "ISC",
      "dependencies": {
        "pathofexile-dat": "^15.1.0"
      }
    },
    "node_modules/ooz-wasm": {
      "version": "2.0.0",
      "resolved": "https://registry.npmjs.org/ooz-wasm/-/ooz-wasm-2.0.0.tgz",
      "integrity": "sha512-Ewk+Vga2m9niFGV5qT+4EKfBnFEQSQfnTdOWSlnQcpDB2OAdk7TpRHfKqxLSLhDKRjKjw9R+sGlOreWW8ABR0A==",
      "license": "GPL-3.0-or-later"
    },
    "node_modules/pathofexile-dat": {
      "version": "15.1.0",
      "resolved": "https://registry.npmjs.org/pathofexile-dat/-/pathofexile-dat-15.1.0.tgz",
      "integrity": "sha512-WNf3fDCm777JzD9ghP+7h/HFPQ+YjAI4GJwfa+Xu+zIZHx3bJXpnfnllRcYloq8Zb2CmcIWUzDWcawwCVkjsrA==",
      "license": "MIT",
      "dependencies": {
        "ooz-wasm": "^2.0.0",
        "pathofexile-dat-schema": "^8.0.0"
      },
      "bin": {
        "pathofexile-dat": "dist/cli/run.js"
      },
      "engines": {
        "node": ">=20.0.0"
      }
    },
    "node_modules/pathofexile-dat-schema": {
      "version": "8.0.0",
      "resolved": "https://registry.npmjs.org/pathofexile-dat-schema/-/pathofexile-dat-schema-8.0.0.tgz",
      "integrity": "sha512-sn/8cJHbDCM6HjLMk9LnWXXS5Nbl2YqzqZslbooC7ankKbnr0tBwfl8AxM5fI+IzX49zNnKGuqpFvQQ2UMFuig==",
      "license": "MIT"
    }
  }
}
